
Microsoft Visual Studio Solution File, Format Version 11.00
# Visual Studio 2013 
VisualStudioVersion = 12.0.21005.1
MinimumVisualStudioVersion = 10.0.40219.1
Project("{E24C65DC-7377-472B-9ABA-BC803B73C61A}") = "C#_ICD_APP_TITLE", ".", "{_ICD_APP_GUID}"
	ProjectSection(WebsiteProperties) = preProject
		TargetFrameworkMoniker = ".NETFramework,Version%3Dv4.5.1"
		Debug.AspNetCompiler.VirtualPath = "/CSharpWS"
		Debug.AspNetCompiler.PhysicalPath = "_ICD_APP_PATH"
		Debug.AspNetCompiler.TargetPath = "PrecompiledWeb\CSharpWS\"
		Debug.AspNetCompiler.Updateable = "true"
		Debug.AspNetCompiler.ForceOverwrite = "true"
		Debug.AspNetCompiler.FixedNames = "false"
		Debug.AspNetCompiler.Debug = "True"
		Release.AspNetCompiler.VirtualPath = "/CSharpWS"
		Release.AspNetCompiler.PhysicalPath = "_ICD_APP_PATH"
		Release.AspNetCompiler.TargetPath = "PrecompiledWeb\CSharpWS\"
		Release.AspNetCompiler.Updateable = "true"
		Release.AspNetCompiler.ForceOverwrite = "true"
		Release.AspNetCompiler.FixedNames = "false"
		Release.AspNetCompiler.Debug = "False"
		VWDPort = "3998"
		DefaultWebSiteLanguage = "Visual C#"
	EndProjectSection
EndProject
Global
	GlobalSection(SolutionConfigurationPlatforms) = preSolution
		Debug|.NET = Debug|.NET
	EndGlobalSection
	GlobalSection(ProjectConfigurationPlatforms) = postSolution
		{_ICD_APP_GUID}.Debug|.NET.ActiveCfg = Debug|.NET
		{_ICD_APP_GUID}.Debug|.NET.Build.0 = Debug|.NET
	EndGlobalSection
	GlobalSection(SolutionProperties) = preSolution
		HideSolutionNode = FALSE
	EndGlobalSection
EndGlobal
