
Microsoft Visual Studio Solution File, Format Version 11.00
# Visual Studio 2005
Project("{E24C65DC-7377-472B-9ABA-BC803B73C61A}") = "NotificatoreWS", ".", "{3172020A-73F5-45FE-A2EC-DC20904F593E}"
	ProjectSection(WebsiteProperties) = preProject
		Debug.AspNetCompiler.VirtualPath = "/CSharpWS"
		Debug.AspNetCompiler.PhysicalPath = "c:\work2\notificatore\output\csws\"
		Debug.AspNetCompiler.TargetPath = "PrecompiledWeb\CSharpWS\"
		Debug.AspNetCompiler.Updateable = "true"
		Debug.AspNetCompiler.ForceOverwrite = "true"
		Debug.AspNetCompiler.FixedNames = "false"
		Debug.AspNetCompiler.Debug = "True"
		Release.AspNetCompiler.VirtualPath = "/CSharpWS"
		Release.AspNetCompiler.PhysicalPath = "c:\work2\notificatore\output\csws\"
		Release.AspNetCompiler.TargetPath = "PrecompiledWeb\CSharpWS\"
		Release.AspNetCompiler.Updateable = "true"
		Release.AspNetCompiler.ForceOverwrite = "true"
		Release.AspNetCompiler.FixedNames = "false"
		Release.AspNetCompiler.Debug = "False"
		VWDPort = "3998"
		DefaultWebSiteLanguage = "Visual C#"
	EndProjectSection
EndProject
Global
	GlobalSection(SolutionConfigurationPlatforms) = preSolution
		Debug|.NET = Debug|.NET
	EndGlobalSection
	GlobalSection(ProjectConfigurationPlatforms) = postSolution
		{3172020A-73F5-45FE-A2EC-DC20904F593E}.Debug|.NET.ActiveCfg = Debug|.NET
		{3172020A-73F5-45FE-A2EC-DC20904F593E}.Debug|.NET.Build.0 = Debug|.NET
	EndGlobalSection
	GlobalSection(SolutionProperties) = preSolution
		HideSolutionNode = FALSE
	EndGlobalSection
EndGlobal
