
Microsoft Visual Studio Solution File, Format Version 11.00
# Visual Studio 2010
Project("{E24C65DC-7377-472B-9ABA-BC803B73C61A}") = "custom", ".", "{362D0FDD-455A-42AF-B5E7-2CFE8B065C80}"
	ProjectSection(WebsiteProperties) = preProject
		TargetFrameworkMoniker = ".NETFramework,Version%3Dv4.0"		
		Debug.AspNetCompiler.VirtualPath = "/CSharp"
		Debug.AspNetCompiler.PhysicalPath = "c:\work2\notificatore\output\csharp\"
		Debug.AspNetCompiler.TargetPath = "PrecompiledWeb\CSharp\"
		Debug.AspNetCompiler.Updateable = "true"
		Debug.AspNetCompiler.ForceOverwrite = "true"
		Debug.AspNetCompiler.FixedNames = "false"
		Debug.AspNetCompiler.Debug = "True"
		Release.AspNetCompiler.VirtualPath = "/CSharp"
		Release.AspNetCompiler.PhysicalPath = "c:\work2\notificatore\output\csharp\"
		Release.AspNetCompiler.TargetPath = "PrecompiledWeb\CSharp\"
		Release.AspNetCompiler.Updateable = "true"
		Release.AspNetCompiler.ForceOverwrite = "true"
		Release.AspNetCompiler.FixedNames = "false"
		Release.AspNetCompiler.Debug = "False"
		VWDPort = "11263"
		DefaultWebSiteLanguage = "Visual C#"
	EndProjectSection
EndProject
Global
	GlobalSection(SolutionConfigurationPlatforms) = preSolution
		Debug|.NET = Debug|.NET
	EndGlobalSection
	GlobalSection(ProjectConfigurationPlatforms) = postSolution
		{362D0FDD-455A-42AF-B5E7-2CFE8B065C80}.Debug|.NET.ActiveCfg = Debug|Any CPU
	EndGlobalSection
	GlobalSection(SolutionProperties) = preSolution
		HideSolutionNode = FALSE
	EndGlobalSection
EndGlobal
