Microsoft Visual Studio Solution File, Format Version 9.00
# Visual Studio 2005
Project("{E24C65DC-7377-472B-9ABA-BC803B73C61A}") = "Notificatore", ".", "{5D17ACB6-0F41-4CB8-BE2D-0F961D66BA84}"
	ProjectSection(WebsiteProperties) = preProject
		Debug.AspNetCompiler.VirtualPath = "/CSharp"
		Debug.AspNetCompiler.PhysicalPath = "c:\work2\notificatore\output\csharp\"
		Debug.AspNetCompiler.TargetPath = "PrecompiledWeb\CSharp\"
		Debug.AspNetCompiler.Updateable = "true"
		Debug.AspNetCompiler.ForceOverwrite = "true"
		Debug.AspNetCompiler.FixedNames = "false"
		Debug.AspNetCompiler.Debug = "True"
		Release.AspNetCompiler.VirtualPath = "/CSharp"
		Release.AspNetCompiler.PhysicalPath = "c:\work2\notificatore\output\csharp\"
		Release.AspNetCompiler.TargetPath = "PrecompiledWeb\CSharp\"
		Release.AspNetCompiler.Updateable = "true"
		Release.AspNetCompiler.ForceOverwrite = "true"
		Release.AspNetCompiler.FixedNames = "false"
		Release.AspNetCompiler.Debug = "False"
		VWDPort = "1308"
		DefaultWebSiteLanguage = "Visual C#"
	EndProjectSection
EndProject
Global
	GlobalSection(SolutionConfigurationPlatforms) = preSolution
		Debug|.NET = Debug|.NET
	EndGlobalSection
	GlobalSection(ProjectConfigurationPlatforms) = postSolution
		{5D17ACB6-0F41-4CB8-BE2D-0F961D66BA84}.Debug|.NET.ActiveCfg = Debug|.NET
		{5D17ACB6-0F41-4CB8-BE2D-0F961D66BA84}.Debug|.NET.Build.0 = Debug|.NET
	EndGlobalSection
	GlobalSection(SolutionProperties) = preSolution
		HideSolutionNode = FALSE
	EndGlobalSection
EndGlobal
